
Microsoft Visual Studio Solution File, Format Version 12.00
# Visual Studio Version 16
VisualStudioVersion = 16.0.31613.86
MinimumVisualStudioVersion = 10.0.40219.1
Project("{FAE04EC0-301F-11D3-BF4B-00C04F79EFBC}") = "aspnet_TryCatch", "aspnet_TryCatch\aspnet_TryCatch.csproj", "{12F57820-7698-45B9-BE7A-978387DD2D71}"
EndProject
Global
	GlobalSection(SolutionConfigurationPlatforms) = preSolution
		Debug|Any CPU = Debug|Any CPU
		Release|Any CPU = Release|Any CPU
	EndGlobalSection
	GlobalSection(ProjectConfigurationPlatforms) = postSolution
		{12F57820-7698-45B9-BE7A-978387DD2D71}.Debug|Any CPU.ActiveCfg = Debug|Any CPU
		{12F57820-7698-45B9-BE7A-978387DD2D71}.Debug|Any CPU.Build.0 = Debug|Any CPU
		{12F57820-7698-45B9-BE7A-978387DD2D71}.Release|Any CPU.ActiveCfg = Release|Any CPU
		{12F57820-7698-45B9-BE7A-978387DD2D71}.Release|Any CPU.Build.0 = Release|Any CPU
	EndGlobalSection
	GlobalSection(SolutionProperties) = preSolution
		HideSolutionNode = FALSE
	EndGlobalSection
	GlobalSection(ExtensibilityGlobals) = postSolution
		SolutionGuid = {13CECDDF-16C3-4CDE-B12F-304FC6853CBF}
	EndGlobalSection
EndGlobal
